
Microsoft Visual Studio Solution File, Format Version 12.00
# Visual Studio Version 17
VisualStudioVersion = 17.5.33627.172
MinimumVisualStudioVersion = 10.0.40219.1
Project("{FAE04EC0-301F-11D3-BF4B-00C04F79EFBC}") = "CustomProgram", "CustomProgram\CustomProgram.csproj", "{A0BFE25A-788C-4C87-B2AF-18D95E6BC049}"
EndProject
Global
	GlobalSection(SolutionConfigurationPlatforms) = preSolution
		Debug|Any CPU = Debug|Any CPU
		Release|Any CPU = Release|Any CPU
	EndGlobalSection
	GlobalSection(ProjectConfigurationPlatforms) = postSolution
		{A0BFE25A-788C-4C87-B2AF-18D95E6BC049}.Debug|Any CPU.ActiveCfg = Debug|Any CPU
		{A0BFE25A-788C-4C87-B2AF-18D95E6BC049}.Debug|Any CPU.Build.0 = Debug|Any CPU
		{A0BFE25A-788C-4C87-B2AF-18D95E6BC049}.Release|Any CPU.ActiveCfg = Release|Any CPU
		{A0BFE25A-788C-4C87-B2AF-18D95E6BC049}.Release|Any CPU.Build.0 = Release|Any CPU
	EndGlobalSection
	GlobalSection(SolutionProperties) = preSolution
		HideSolutionNode = FALSE
	EndGlobalSection
	GlobalSection(ExtensibilityGlobals) = postSolution
		SolutionGuid = {456FD738-5C9C-4B72-AADC-C339974A30B4}
	EndGlobalSection
EndGlobal
